// !$*UTF8*$!
{
	archiveVersion = 1;
	classes = {
	};
	objectVersion = 56;
	objects = {

/* Begin PBXBuildFile section */
		F219A3092E636777003C4A1A /* VectorscopeApp.swift in Sources */ = {isa = PBXBuildFile; fileRef = F219A3082E636777003C4A1A /* VectorscopeApp.swift */; };
		F219A30B2E636777003C4A1A /* ContentView.swift in Sources */ = {isa = PBXBuildFile; fileRef = F219A30A2E636777003C4A1A /* ContentView.swift */; };
		F219A30D2E636779003C4A1A /* Assets.xcassets in Resources */ = {isa = PBXBuildFile; fileRef = F219A30C2E636779003C4A1A /* Assets.xcassets */; };
		F219A3102E636779003C4A1A /* Preview Assets.xcassets in Resources */ = {isa = PBXBuildFile; fileRef = F219A30F2E636779003C4A1A /* Preview Assets.xcassets */; };
		F29C619D2E636DCD002CF33A /* VectorscopeRenderer.swift in Sources */ = {isa = PBXBuildFile; fileRef = F29C619A2E636DCD002CF33A /* VectorscopeRenderer.swift */; };
		F29C619E2E636DCD002CF33A /* AudioIO.swift in Sources */ = {isa = PBXBuildFile; fileRef = F29C619B2E636DCD002CF33A /* AudioIO.swift */; };
		F29C619F2E636DCD002CF33A /* Shaders.metal in Sources */ = {isa = PBXBuildFile; fileRef = F29C619C2E636DCD002CF33A /* Shaders.metal */; };
		F29C61A22E637154002CF33A /* Metal.framework in Frameworks */ = {isa = PBXBuildFile; fileRef = F29C61A12E637154002CF33A /* Metal.framework */; };
/* End PBXBuildFile section */

/* Begin PBXFileReference section */
		F219A3052E636777003C4A1A /* Vectorscope.app */ = {isa = PBXFileReference; explicitFileType = wrapper.application; includeInIndex = 0; path = Vectorscope.app; sourceTree = BUILT_PRODUCTS_DIR; };
		F219A3082E636777003C4A1A /* VectorscopeApp.swift */ = {isa = PBXFileReference; lastKnownFileType = sourcecode.swift; path = VectorscopeApp.swift; sourceTree = "<group>"; };
		F219A30A2E636777003C4A1A /* ContentView.swift */ = {isa = PBXFileReference; lastKnownFileType = sourcecode.swift; path = ContentView.swift; sourceTree = "<group>"; };
		F219A30C2E636779003C4A1A /* Assets.xcassets */ = {isa = PBXFileReference; lastKnownFileType = folder.assetcatalog; path = Assets.xcassets; sourceTree = "<group>"; };
		F219A30F2E636779003C4A1A /* Preview Assets.xcassets */ = {isa = PBXFileReference; lastKnownFileType = folder.assetcatalog; path = "Preview Assets.xcassets"; sourceTree = "<group>"; };
		F219A3112E636779003C4A1A /* Vectorscope.entitlements */ = {isa = PBXFileReference; lastKnownFileType = text.plist.entitlements; path = Vectorscope.entitlements; sourceTree = "<group>"; };
		F29C619A2E636DCD002CF33A /* VectorscopeRenderer.swift */ = {isa = PBXFileReference; fileEncoding = 4; lastKnownFileType = sourcecode.swift; path = VectorscopeRenderer.swift; sourceTree = "<group>"; };
		F29C619B2E636DCD002CF33A /* AudioIO.swift */ = {isa = PBXFileReference; fileEncoding = 4; lastKnownFileType = sourcecode.swift; path = AudioIO.swift; sourceTree = "<group>"; };
		F29C619C2E636DCD002CF33A /* Shaders.metal */ = {isa = PBXFileReference; fileEncoding = 4; lastKnownFileType = sourcecode.metal; path = Shaders.metal; sourceTree = "<group>"; };
		F29C61A12E637154002CF33A /* Metal.framework */ = {isa = PBXFileReference; lastKnownFileType = wrapper.framework; name = Metal.framework; path = System/Library/Frameworks/Metal.framework; sourceTree = SDKROOT; };
/* End PBXFileReference section */

/* Begin PBXFrameworksBuildPhase section */
		F219A3022E636777003C4A1A /* Frameworks */ = {
			isa = PBXFrameworksBuildPhase;
			buildActionMask = 2147483647;
			files = (
				F29C61A22E637154002CF33A /* Metal.framework in Frameworks */,
			);
			runOnlyForDeploymentPostprocessing = 0;
		};
/* End PBXFrameworksBuildPhase section */

/* Begin PBXGroup section */
		F219A2FC2E636777003C4A1A = {
			isa = PBXGroup;
			children = (
				F219A3072E636777003C4A1A /* Vectorscope */,
				F219A3062E636777003C4A1A /* Products */,
				F29C61A02E637153002CF33A /* Frameworks */,
			);
			sourceTree = "<group>";
		};
		F219A3062E636777003C4A1A /* Products */ = {
			isa = PBXGroup;
			children = (
				F219A3052E636777003C4A1A /* Vectorscope.app */,
			);
			name = Products;
			sourceTree = "<group>";
		};
		F219A3072E636777003C4A1A /* Vectorscope */ = {
			isa = PBXGroup;
			children = (
				F29C619B2E636DCD002CF33A /* AudioIO.swift */,
				F29C619A2E636DCD002CF33A /* VectorscopeRenderer.swift */,
				F219A3082E636777003C4A1A /* VectorscopeApp.swift */,
				F219A30A2E636777003C4A1A /* ContentView.swift */,
				F219A30C2E636779003C4A1A /* Assets.xcassets */,
				F219A3112E636779003C4A1A /* Vectorscope.entitlements */,
				F29C619C2E636DCD002CF33A /* Shaders.metal */,
				F219A30E2E636779003C4A1A /* Preview Content */,
			);
			path = Vectorscope;
			sourceTree = "<group>";
		};
		F219A30E2E636779003C4A1A /* Preview Content */ = {
			isa = PBXGroup;
			children = (
				F219A30F2E636779003C4A1A /* Preview Assets.xcassets */,
			);
			path = "Preview Content";
			sourceTree = "<group>";
		};
		F29C61A02E637153002CF33A /* Frameworks */ = {
			isa = PBXGroup;
			children = (
				F29C61A12E637154002CF33A /* Metal.framework */,
			);
			name = Frameworks;
			sourceTree = "<group>";
		};
/* End PBXGroup section */

/* Begin PBXNativeTarget section */
		F219A3042E636777003C4A1A /* Vectorscope */ = {
			isa = PBXNativeTarget;
			buildConfigurationList = F219A3142E636779003C4A1A /* Build configuration list for PBXNativeTarget "Vectorscope" */;
			buildPhases = (
				F219A3012E636777003C4A1A /* Sources */,
				F219A3022E636777003C4A1A /* Frameworks */,
				F219A3032E636777003C4A1A /* Resources */,
			);
			buildRules = (
			);
			dependencies = (
			);
			name = Vectorscope;
			productName = Vectorscope;
			productReference = F219A3052E636777003C4A1A /* Vectorscope.app */;
			productType = "com.apple.product-type.application";
		};
/* End PBXNativeTarget section */

/* Begin PBXProject section */
		F219A2FD2E636777003C4A1A /* Project object */ = {
			isa = PBXProject;
			attributes = {
				BuildIndependentTargetsInParallel = 1;
				LastSwiftUpdateCheck = 1500;
				LastUpgradeCheck = 1500;
				TargetAttributes = {
					F219A3042E636777003C4A1A = {
						CreatedOnToolsVersion = 15.0.1;
					};
				};
			};
			buildConfigurationList = F219A3002E636777003C4A1A /* Build configuration list for PBXProject "Vectorscope" */;
			compatibilityVersion = "Xcode 14.0";
			developmentRegion = en;
			hasScannedForEncodings = 0;
			knownRegions = (
				en,
				Base,
			);
			mainGroup = F219A2FC2E636777003C4A1A;
			productRefGroup = F219A3062E636777003C4A1A /* Products */;
			projectDirPath = "";
			projectRoot = "";
			targets = (
				F219A3042E636777003C4A1A /* Vectorscope */,
			);
		};
/* End PBXProject section */

/* Begin PBXResourcesBuildPhase section */
		F219A3032E636777003C4A1A /* Resources */ = {
			isa = PBXResourcesBuildPhase;
			buildActionMask = 2147483647;
			files = (
				F219A3102E636779003C4A1A /* Preview Assets.xcassets in Resources */,
				F219A30D2E636779003C4A1A /* Assets.xcassets in Resources */,
			);
			runOnlyForDeploymentPostprocessing = 0;
		};
/* End PBXResourcesBuildPhase section */

/* Begin PBXSourcesBuildPhase section */
		F219A3012E636777003C4A1A /* Sources */ = {
			isa = PBXSourcesBuildPhase;
			buildActionMask = 2147483647;
			files = (
				F219A30B2E636777003C4A1A /* ContentView.swift in Sources */,
				F219A3092E636777003C4A1A /* VectorscopeApp.swift in Sources */,
				F29C619E2E636DCD002CF33A /* AudioIO.swift in Sources */,
				F29C619D2E636DCD002CF33A /* VectorscopeRenderer.swift in Sources */,
				F29C619F2E636DCD002CF33A /* Shaders.metal in Sources */,
			);
			runOnlyForDeploymentPostprocessing = 0;
		};
/* End PBXSourcesBuildPhase section */

/* Begin XCBuildConfiguration section */
		F219A3122E636779003C4A1A /* Debug */ = {
			isa = XCBuildConfiguration;
			buildSettings = {
				ALWAYS_SEARCH_USER_PATHS = NO;
				ASSETCATALOG_COMPILER_GENERATE_SWIFT_ASSET_SYMBOL_EXTENSIONS = YES;
				CLANG_ANALYZER_NONNULL = YES;
				CLANG_ANALYZER_NUMBER_OBJECT_CONVERSION = YES_AGGRESSIVE;
				CLANG_CXX_LANGUAGE_STANDARD = "gnu++20";
				CLANG_ENABLE_MODULES = YES;
				CLANG_ENABLE_OBJC_ARC = YES;
				CLANG_ENABLE_OBJC_WEAK = YES;
				CLANG_WARN_BLOCK_CAPTURE_AUTORELEASING = YES;
				CLANG_WARN_BOOL_CONVERSION = YES;
				CLANG_WARN_COMMA = YES;
				CLANG_WARN_CONSTANT_CONVERSION = YES;
				CLANG_WARN_DEPRECATED_OBJC_IMPLEMENTATIONS = YES;
				CLANG_WARN_DIRECT_OBJC_ISA_USAGE = YES_ERROR;
				CLANG_WARN_DOCUMENTATION_COMMENTS = YES;
				CLANG_WARN_EMPTY_BODY = YES;
				CLANG_WARN_ENUM_CONVERSION = YES;
				CLANG_WARN_INFINITE_RECURSION = YES;
				CLANG_WARN_INT_CONVERSION = YES;
				CLANG_WARN_NON_LITERAL_NULL_CONVERSION = YES;
				CLANG_WARN_OBJC_IMPLICIT_RETAIN_SELF = YES;
				CLANG_WARN_OBJC_LITERAL_CONVERSION = YES;
				CLANG_WARN_OBJC_ROOT_CLASS = YES_ERROR;
				CLANG_WARN_QUOTED_INCLUDE_IN_FRAMEWORK_HEADER = YES;
				CLANG_WARN_RANGE_LOOP_ANALYSIS = YES;
				CLANG_WARN_STRICT_PROTOTYPES = YES;
				CLANG_WARN_SUSPICIOUS_MOVE = YES;
				CLANG_WARN_UNGUARDED_AVAILABILITY = YES_AGGRESSIVE;
				CLANG_WARN_UNREACHABLE_CODE = YES;
				CLANG_WARN__DUPLICATE_METHOD_MATCH = YES;
				COPY_PHASE_STRIP = NO;
				DEBUG_INFORMATION_FORMAT = dwarf;
				ENABLE_STRICT_OBJC_MSGSEND = YES;
				ENABLE_TESTABILITY = YES;
				ENABLE_USER_SCRIPT_SANDBOXING = YES;
				GCC_C_LANGUAGE_STANDARD = gnu17;
				GCC_DYNAMIC_NO_PIC = NO;
				GCC_NO_COMMON_BLOCKS = YES;
				GCC_OPTIMIZATION_LEVEL = 0;
				GCC_PREPROCESSOR_DEFINITIONS = (
					"DEBUG=1",
					"$(inherited)",
				);
				GCC_WARN_64_TO_32_BIT_CONVERSION = YES;
				GCC_WARN_ABOUT_RETURN_TYPE = YES_ERROR;
				GCC_WARN_UNDECLARED_SELECTOR = YES;
				GCC_WARN_UNINITIALIZED_AUTOS = YES_AGGRESSIVE;
				GCC_WARN_UNUSED_FUNCTION = YES;
				GCC_WARN_UNUSED_VARIABLE = YES;
				LOCALIZATION_PREFERS_STRING_CATALOGS = YES;
				MACOSX_DEPLOYMENT_TARGET = 14.0;
				MTL_ENABLE_DEBUG_INFO = INCLUDE_SOURCE;
				MTL_FAST_MATH = YES;
				ONLY_ACTIVE_ARCH = YES;
				SDKROOT = macosx;
				SWIFT_ACTIVE_COMPILATION_CONDITIONS = "DEBUG $(inherited)";
				SWIFT_OPTIMIZATION_LEVEL = "-Onone";
			};
			name = Debug;
		};
		F219A3132E636779003C4A1A /* Release */ = {
			isa = XCBuildConfiguration;
			buildSettings = {
				ALWAYS_SEARCH_USER_PATHS = NO;
				ASSETCATALOG_COMPILER_GENERATE_SWIFT_ASSET_SYMBOL_EXTENSIONS = YES;
				CLANG_ANALYZER_NONNULL = YES;
				CLANG_ANALYZER_NUMBER_OBJECT_CONVERSION = YES_AGGRESSIVE;
				CLANG_CXX_LANGUAGE_STANDARD = "gnu++20";
				CLANG_ENABLE_MODULES = YES;
				CLANG_ENABLE_OBJC_ARC = YES;
				CLANG_ENABLE_OBJC_WEAK = YES;
				CLANG_WARN_BLOCK_CAPTURE_AUTORELEASING = YES;
				CLANG_WARN_BOOL_CONVERSION = YES;
				CLANG_WARN_COMMA = YES;
				CLANG_WARN_CONSTANT_CONVERSION = YES;
				CLANG_WARN_DEPRECATED_OBJC_IMPLEMENTATIONS = YES;
				CLANG_WARN_DIRECT_OBJC_ISA_USAGE = YES_ERROR;
				CLANG_WARN_DOCUMENTATION_COMMENTS = YES;
				CLANG_WARN_EMPTY_BODY = YES;
				CLANG_WARN_ENUM_CONVERSION = YES;
				CLANG_WARN_INFINITE_RECURSION = YES;
				CLANG_WARN_INT_CONVERSION = YES;
				CLANG_WARN_NON_LITERAL_NULL_CONVERSION = YES;
				CLANG_WARN_OBJC_IMPLICIT_RETAIN_SELF = YES;
				CLANG_WARN_OBJC_LITERAL_CONVERSION = YES;
				CLANG_WARN_OBJC_ROOT_CLASS = YES_ERROR;
				CLANG_WARN_QUOTED_INCLUDE_IN_FRAMEWORK_HEADER = YES;
				CLANG_WARN_RANGE_LOOP_ANALYSIS = YES;
				CLANG_WARN_STRICT_PROTOTYPES = YES;
				CLANG_WARN_SUSPICIOUS_MOVE = YES;
				CLANG_WARN_UNGUARDED_AVAILABILITY = YES_AGGRESSIVE;
				CLANG_WARN_UNREACHABLE_CODE = YES;
				CLANG_WARN__DUPLICATE_METHOD_MATCH = YES;
				COPY_PHASE_STRIP = NO;
				DEBUG_INFORMATION_FORMAT = "dwarf-with-dsym";
				ENABLE_NS_ASSERTIONS = NO;
				ENABLE_STRICT_OBJC_MSGSEND = YES;
				ENABLE_USER_SCRIPT_SANDBOXING = YES;
				GCC_C_LANGUAGE_STANDARD = gnu17;
				GCC_NO_COMMON_BLOCKS = YES;
				GCC_WARN_64_TO_32_BIT_CONVERSION = YES;
				GCC_WARN_ABOUT_RETURN_TYPE = YES_ERROR;
				GCC_WARN_UNDECLARED_SELECTOR = YES;
				GCC_WARN_UNINITIALIZED_AUTOS = YES_AGGRESSIVE;
				GCC_WARN_UNUSED_FUNCTION = YES;
				GCC_WARN_UNUSED_VARIABLE = YES;
				LOCALIZATION_PREFERS_STRING_CATALOGS = YES;
				MACOSX_DEPLOYMENT_TARGET = 14.0;
				MTL_ENABLE_DEBUG_INFO = NO;
				MTL_FAST_MATH = YES;
				SDKROOT = macosx;
				SWIFT_COMPILATION_MODE = wholemodule;
			};
			name = Release;
		};
		F219A3152E636779003C4A1A /* Debug */ = {
			isa = XCBuildConfiguration;
			buildSettings = {
				ASSETCATALOG_COMPILER_APPICON_NAME = AppIcon;
				ASSETCATALOG_COMPILER_GLOBAL_ACCENT_COLOR_NAME = AccentColor;
				CODE_SIGN_ENTITLEMENTS = Vectorscope/Vectorscope.entitlements;
				CODE_SIGN_STYLE = Automatic;
				COMBINE_HIDPI_IMAGES = YES;
				CURRENT_PROJECT_VERSION = 1;
				DEVELOPMENT_ASSET_PATHS = "\"Vectorscope/Preview Content\"";
				DEVELOPMENT_TEAM = 7DL99U65JM;
				ENABLE_HARDENED_RUNTIME = YES;
				ENABLE_PREVIEWS = YES;
				GENERATE_INFOPLIST_FILE = YES;
				INFOPLIST_KEY_NSHumanReadableCopyright = "";
				INFOPLIST_KEY_NSMicrophoneUsageDescription = "Use mic for visuals";
				LD_RUNPATH_SEARCH_PATHS = (
					"$(inherited)",
					"@executable_path/../Frameworks",
				);
				MARKETING_VERSION = 1.0;
				PRODUCT_BUNDLE_IDENTIFIER = TapToi.Vectorscope;
				PRODUCT_NAME = "$(TARGET_NAME)";
				SWIFT_EMIT_LOC_STRINGS = YES;
				SWIFT_VERSION = 5.0;
			};
			name = Debug;
		};
		F219A3162E636779003C4A1A /* Release */ = {
			isa = XCBuildConfiguration;
			buildSettings = {
				ASSETCATALOG_COMPILER_APPICON_NAME = AppIcon;
				ASSETCATALOG_COMPILER_GLOBAL_ACCENT_COLOR_NAME = AccentColor;
				CODE_SIGN_ENTITLEMENTS = Vectorscope/Vectorscope.entitlements;
				CODE_SIGN_STYLE = Automatic;
				COMBINE_HIDPI_IMAGES = YES;
				CURRENT_PROJECT_VERSION = 1;
				DEVELOPMENT_ASSET_PATHS = "\"Vectorscope/Preview Content\"";
				DEVELOPMENT_TEAM = 7DL99U65JM;
				ENABLE_HARDENED_RUNTIME = YES;
				ENABLE_PREVIEWS = YES;
				GENERATE_INFOPLIST_FILE = YES;
				INFOPLIST_KEY_NSHumanReadableCopyright = "";
				INFOPLIST_KEY_NSMicrophoneUsageDescription = "Use mic for visuals";
				LD_RUNPATH_SEARCH_PATHS = (
					"$(inherited)",
					"@executable_path/../Frameworks",
				);
				MARKETING_VERSION = 1.0;
				PRODUCT_BUNDLE_IDENTIFIER = TapToi.Vectorscope;
				PRODUCT_NAME = "$(TARGET_NAME)";
				SWIFT_EMIT_LOC_STRINGS = YES;
				SWIFT_VERSION = 5.0;
			};
			name = Release;
		};
/* End XCBuildConfiguration section */

/* Begin XCConfigurationList section */
		F219A3002E636777003C4A1A /* Build configuration list for PBXProject "Vectorscope" */ = {
			isa = XCConfigurationList;
			buildConfigurations = (
				F219A3122E636779003C4A1A /* Debug */,
				F219A3132E636779003C4A1A /* Release */,
			);
			defaultConfigurationIsVisible = 0;
			defaultConfigurationName = Release;
		};
		F219A3142E636779003C4A1A /* Build configuration list for PBXNativeTarget "Vectorscope" */ = {
			isa = XCConfigurationList;
			buildConfigurations = (
				F219A3152E636779003C4A1A /* Debug */,
				F219A3162E636779003C4A1A /* Release */,
			);
			defaultConfigurationIsVisible = 0;
			defaultConfigurationName = Release;
		};
/* End XCConfigurationList section */
	};
	rootObject = F219A2FD2E636777003C4A1A /* Project object */;
}
